
Microsoft Visual Studio Solution File, Format Version 12.00
# Visual Studio 14
VisualStudioVersion = 14.0.25420.1
MinimumVisualStudioVersion = 10.0.40219.1
Project("{F088123C-0E9E-452A-89E6-6BA2F21D5CAC}") = "responsib", "responsib\responsib.modelproj", "{4183DA18-876A-4CEA-B7F7-87C956228DB0}"
EndProject
Project("{FAE04EC0-301F-11D3-BF4B-00C04F79EFBC}") = "responsibLib", "responsibLib\responsibLib.csproj", "{AD999B6E-C84B-4A8F-9663-C4008548EE4F}"
EndProject
Project("{FAE04EC0-301F-11D3-BF4B-00C04F79EFBC}") = "ConsoleApplication1", "ConsoleApplication1\ConsoleApplication1.csproj", "{5FA7FE3C-1D11-4219-912A-3D7B90E847B5}"
EndProject
Global
	GlobalSection(SolutionConfigurationPlatforms) = preSolution
		Debug|Any CPU = Debug|Any CPU
		Release|Any CPU = Release|Any CPU
	EndGlobalSection
	GlobalSection(ProjectConfigurationPlatforms) = postSolution
		{4183DA18-876A-4CEA-B7F7-87C956228DB0}.Debug|Any CPU.ActiveCfg = Debug|Any CPU
		{4183DA18-876A-4CEA-B7F7-87C956228DB0}.Debug|Any CPU.Build.0 = Debug|Any CPU
		{4183DA18-876A-4CEA-B7F7-87C956228DB0}.Release|Any CPU.ActiveCfg = Release|Any CPU
		{4183DA18-876A-4CEA-B7F7-87C956228DB0}.Release|Any CPU.Build.0 = Release|Any CPU
		{AD999B6E-C84B-4A8F-9663-C4008548EE4F}.Debug|Any CPU.ActiveCfg = Debug|Any CPU
		{AD999B6E-C84B-4A8F-9663-C4008548EE4F}.Debug|Any CPU.Build.0 = Debug|Any CPU
		{AD999B6E-C84B-4A8F-9663-C4008548EE4F}.Release|Any CPU.ActiveCfg = Release|Any CPU
		{AD999B6E-C84B-4A8F-9663-C4008548EE4F}.Release|Any CPU.Build.0 = Release|Any CPU
		{5FA7FE3C-1D11-4219-912A-3D7B90E847B5}.Debug|Any CPU.ActiveCfg = Debug|Any CPU
		{5FA7FE3C-1D11-4219-912A-3D7B90E847B5}.Debug|Any CPU.Build.0 = Debug|Any CPU
		{5FA7FE3C-1D11-4219-912A-3D7B90E847B5}.Release|Any CPU.ActiveCfg = Release|Any CPU
		{5FA7FE3C-1D11-4219-912A-3D7B90E847B5}.Release|Any CPU.Build.0 = Release|Any CPU
	EndGlobalSection
	GlobalSection(SolutionProperties) = preSolution
		HideSolutionNode = FALSE
	EndGlobalSection
EndGlobal
